
Microsoft Visual Studio Solution File, Format Version 12.00
# Visual Studio Version 17
VisualStudioVersion = 17.13.35913.81 d17.13
MinimumVisualStudioVersion = 10.0.40219.1
Project("{888888A0-9F3D-457C-B088-3A5042F75D52}") = "quiz_creator", "quiz_creator\quiz_creator.pyproj", "{BE5EA054-558A-4D4D-B56D-A0FEC475013E}"
EndProject
Global
	GlobalSection(SolutionConfigurationPlatforms) = preSolution
		Debug|Any CPU = Debug|Any CPU
		Release|Any CPU = Release|Any CPU
	EndGlobalSection
	GlobalSection(ProjectConfigurationPlatforms) = postSolution
		{BE5EA054-558A-4D4D-B56D-A0FEC475013E}.Debug|Any CPU.ActiveCfg = Debug|Any CPU
		{BE5EA054-558A-4D4D-B56D-A0FEC475013E}.Release|Any CPU.ActiveCfg = Release|Any CPU
	EndGlobalSection
	GlobalSection(SolutionProperties) = preSolution
		HideSolutionNode = FALSE
	EndGlobalSection
	GlobalSection(ExtensibilityGlobals) = postSolution
		SolutionGuid = {8CF4AA7C-3C32-4E69-9CA1-AAAC9F5069AC}
	EndGlobalSection
EndGlobal
